
Microsoft Visual Studio Solution File, Format Version 12.00
# Visual Studio 15
VisualStudioVersion = 15.0.27428.2015
MinimumVisualStudioVersion = 10.0.40219.1
Project("{FAE04EC0-301F-11D3-BF4B-00C04F79EFBC}") = "GWiki.Android", "GWiki\GWiki.Android\GWiki.Android.csproj", "{EDBE9388-753D-4BBB-A72D-0A8F1D1F31B6}"
EndProject
Project("{FAE04EC0-301F-11D3-BF4B-00C04F79EFBC}") = "GWiki.iOS", "GWiki\GWiki.iOS\GWiki.iOS.csproj", "{079AE7CE-5D5A-4F3F-BD71-56DEB7058F32}"
EndProject
Project("{FAE04EC0-301F-11D3-BF4B-00C04F79EFBC}") = "GWiki", "GWiki\GWiki\GWiki.csproj", "{8595FD74-2789-4E96-A15E-E03D2720F0E6}"
EndProject
Global
	GlobalSection(SolutionConfigurationPlatforms) = preSolution
		Ad-Hoc|Any CPU = Ad-Hoc|Any CPU
		Ad-Hoc|iPhone = Ad-Hoc|iPhone
		Ad-Hoc|iPhoneSimulator = Ad-Hoc|iPhoneSimulator
		AppStore|Any CPU = AppStore|Any CPU
		AppStore|iPhone = AppStore|iPhone
		AppStore|iPhoneSimulator = AppStore|iPhoneSimulator
		Debug|Any CPU = Debug|Any CPU
		Debug|iPhone = Debug|iPhone
		Debug|iPhoneSimulator = Debug|iPhoneSimulator
		Release|Any CPU = Release|Any CPU
		Release|iPhone = Release|iPhone
		Release|iPhoneSimulator = Release|iPhoneSimulator
	EndGlobalSection
	GlobalSection(ProjectConfigurationPlatforms) = postSolution
		{EDBE9388-753D-4BBB-A72D-0A8F1D1F31B6}.Ad-Hoc|Any CPU.ActiveCfg = Release|Any CPU
		{EDBE9388-753D-4BBB-A72D-0A8F1D1F31B6}.Ad-Hoc|Any CPU.Build.0 = Release|Any CPU
		{EDBE9388-753D-4BBB-A72D-0A8F1D1F31B6}.Ad-Hoc|Any CPU.Deploy.0 = Release|Any CPU
		{EDBE9388-753D-4BBB-A72D-0A8F1D1F31B6}.Ad-Hoc|iPhone.ActiveCfg = Release|Any CPU
		{EDBE9388-753D-4BBB-A72D-0A8F1D1F31B6}.Ad-Hoc|iPhone.Build.0 = Release|Any CPU
		{EDBE9388-753D-4BBB-A72D-0A8F1D1F31B6}.Ad-Hoc|iPhone.Deploy.0 = Release|Any CPU
		{EDBE9388-753D-4BBB-A72D-0A8F1D1F31B6}.Ad-Hoc|iPhoneSimulator.ActiveCfg = Release|Any CPU
		{EDBE9388-753D-4BBB-A72D-0A8F1D1F31B6}.Ad-Hoc|iPhoneSimulator.Build.0 = Release|Any CPU
		{EDBE9388-753D-4BBB-A72D-0A8F1D1F31B6}.Ad-Hoc|iPhoneSimulator.Deploy.0 = Release|Any CPU
		{EDBE9388-753D-4BBB-A72D-0A8F1D1F31B6}.AppStore|Any CPU.ActiveCfg = Release|Any CPU
		{EDBE9388-753D-4BBB-A72D-0A8F1D1F31B6}.AppStore|Any CPU.Build.0 = Release|Any CPU
		{EDBE9388-753D-4BBB-A72D-0A8F1D1F31B6}.AppStore|Any CPU.Deploy.0 = Release|Any CPU
		{EDBE9388-753D-4BBB-A72D-0A8F1D1F31B6}.AppStore|iPhone.ActiveCfg = Release|Any CPU
		{EDBE9388-753D-4BBB-A72D-0A8F1D1F31B6}.AppStore|iPhone.Build.0 = Release|Any CPU
		{EDBE9388-753D-4BBB-A72D-0A8F1D1F31B6}.AppStore|iPhone.Deploy.0 = Release|Any CPU
		{EDBE9388-753D-4BBB-A72D-0A8F1D1F31B6}.AppStore|iPhoneSimulator.ActiveCfg = Release|Any CPU
		{EDBE9388-753D-4BBB-A72D-0A8F1D1F31B6}.AppStore|iPhoneSimulator.Build.0 = Release|Any CPU
		{EDBE9388-753D-4BBB-A72D-0A8F1D1F31B6}.AppStore|iPhoneSimulator.Deploy.0 = Release|Any CPU
		{EDBE9388-753D-4BBB-A72D-0A8F1D1F31B6}.Debug|Any CPU.ActiveCfg = Debug|Any CPU
		{EDBE9388-753D-4BBB-A72D-0A8F1D1F31B6}.Debug|Any CPU.Build.0 = Debug|Any CPU
		{EDBE9388-753D-4BBB-A72D-0A8F1D1F31B6}.Debug|Any CPU.Deploy.0 = Debug|Any CPU
		{EDBE9388-753D-4BBB-A72D-0A8F1D1F31B6}.Debug|iPhone.ActiveCfg = Debug|Any CPU
		{EDBE9388-753D-4BBB-A72D-0A8F1D1F31B6}.Debug|iPhone.Build.0 = Debug|Any CPU
		{EDBE9388-753D-4BBB-A72D-0A8F1D1F31B6}.Debug|iPhone.Deploy.0 = Debug|Any CPU
		{EDBE9388-753D-4BBB-A72D-0A8F1D1F31B6}.Debug|iPhoneSimulator.ActiveCfg = Debug|Any CPU
		{EDBE9388-753D-4BBB-A72D-0A8F1D1F31B6}.Debug|iPhoneSimulator.Build.0 = Debug|Any CPU
		{EDBE9388-753D-4BBB-A72D-0A8F1D1F31B6}.Debug|iPhoneSimulator.Deploy.0 = Debug|Any CPU
		{EDBE9388-753D-4BBB-A72D-0A8F1D1F31B6}.Release|Any CPU.ActiveCfg = Release|Any CPU
		{EDBE9388-753D-4BBB-A72D-0A8F1D1F31B6}.Release|Any CPU.Build.0 = Release|Any CPU
		{EDBE9388-753D-4BBB-A72D-0A8F1D1F31B6}.Release|Any CPU.Deploy.0 = Release|Any CPU
		{EDBE9388-753D-4BBB-A72D-0A8F1D1F31B6}.Release|iPhone.ActiveCfg = Release|Any CPU
		{EDBE9388-753D-4BBB-A72D-0A8F1D1F31B6}.Release|iPhone.Build.0 = Release|Any CPU
		{EDBE9388-753D-4BBB-A72D-0A8F1D1F31B6}.Release|iPhone.Deploy.0 = Release|Any CPU
		{EDBE9388-753D-4BBB-A72D-0A8F1D1F31B6}.Release|iPhoneSimulator.ActiveCfg = Release|Any CPU
		{EDBE9388-753D-4BBB-A72D-0A8F1D1F31B6}.Release|iPhoneSimulator.Build.0 = Release|Any CPU
		{EDBE9388-753D-4BBB-A72D-0A8F1D1F31B6}.Release|iPhoneSimulator.Deploy.0 = Release|Any CPU
		{079AE7CE-5D5A-4F3F-BD71-56DEB7058F32}.Ad-Hoc|Any CPU.ActiveCfg = Ad-Hoc|iPhone
		{079AE7CE-5D5A-4F3F-BD71-56DEB7058F32}.Ad-Hoc|iPhone.ActiveCfg = Ad-Hoc|iPhone
		{079AE7CE-5D5A-4F3F-BD71-56DEB7058F32}.Ad-Hoc|iPhone.Build.0 = Ad-Hoc|iPhone
		{079AE7CE-5D5A-4F3F-BD71-56DEB7058F32}.Ad-Hoc|iPhoneSimulator.ActiveCfg = Ad-Hoc|iPhoneSimulator
		{079AE7CE-5D5A-4F3F-BD71-56DEB7058F32}.Ad-Hoc|iPhoneSimulator.Build.0 = Ad-Hoc|iPhoneSimulator
		{079AE7CE-5D5A-4F3F-BD71-56DEB7058F32}.AppStore|Any CPU.ActiveCfg = AppStore|iPhone
		{079AE7CE-5D5A-4F3F-BD71-56DEB7058F32}.AppStore|iPhone.ActiveCfg = AppStore|iPhone
		{079AE7CE-5D5A-4F3F-BD71-56DEB7058F32}.AppStore|iPhone.Build.0 = AppStore|iPhone
		{079AE7CE-5D5A-4F3F-BD71-56DEB7058F32}.AppStore|iPhoneSimulator.ActiveCfg = AppStore|iPhoneSimulator
		{079AE7CE-5D5A-4F3F-BD71-56DEB7058F32}.AppStore|iPhoneSimulator.Build.0 = AppStore|iPhoneSimulator
		{079AE7CE-5D5A-4F3F-BD71-56DEB7058F32}.Debug|Any CPU.ActiveCfg = Debug|iPhone
		{079AE7CE-5D5A-4F3F-BD71-56DEB7058F32}.Debug|iPhone.ActiveCfg = Debug|iPhone
		{079AE7CE-5D5A-4F3F-BD71-56DEB7058F32}.Debug|iPhone.Build.0 = Debug|iPhone
		{079AE7CE-5D5A-4F3F-BD71-56DEB7058F32}.Debug|iPhoneSimulator.ActiveCfg = Debug|iPhoneSimulator
		{079AE7CE-5D5A-4F3F-BD71-56DEB7058F32}.Debug|iPhoneSimulator.Build.0 = Debug|iPhoneSimulator
		{079AE7CE-5D5A-4F3F-BD71-56DEB7058F32}.Release|Any CPU.ActiveCfg = Release|iPhone
		{079AE7CE-5D5A-4F3F-BD71-56DEB7058F32}.Release|iPhone.ActiveCfg = Release|iPhone
		{079AE7CE-5D5A-4F3F-BD71-56DEB7058F32}.Release|iPhone.Build.0 = Release|iPhone
		{079AE7CE-5D5A-4F3F-BD71-56DEB7058F32}.Release|iPhoneSimulator.ActiveCfg = Release|iPhoneSimulator
		{079AE7CE-5D5A-4F3F-BD71-56DEB7058F32}.Release|iPhoneSimulator.Build.0 = Release|iPhoneSimulator
		{8595FD74-2789-4E96-A15E-E03D2720F0E6}.Ad-Hoc|Any CPU.ActiveCfg = Debug|Any CPU
		{8595FD74-2789-4E96-A15E-E03D2720F0E6}.Ad-Hoc|Any CPU.Build.0 = Debug|Any CPU
		{8595FD74-2789-4E96-A15E-E03D2720F0E6}.Ad-Hoc|iPhone.ActiveCfg = Debug|Any CPU
		{8595FD74-2789-4E96-A15E-E03D2720F0E6}.Ad-Hoc|iPhone.Build.0 = Debug|Any CPU
		{8595FD74-2789-4E96-A15E-E03D2720F0E6}.Ad-Hoc|iPhoneSimulator.ActiveCfg = Debug|Any CPU
		{8595FD74-2789-4E96-A15E-E03D2720F0E6}.Ad-Hoc|iPhoneSimulator.Build.0 = Debug|Any CPU
		{8595FD74-2789-4E96-A15E-E03D2720F0E6}.AppStore|Any CPU.ActiveCfg = Debug|Any CPU
		{8595FD74-2789-4E96-A15E-E03D2720F0E6}.AppStore|Any CPU.Build.0 = Debug|Any CPU
		{8595FD74-2789-4E96-A15E-E03D2720F0E6}.AppStore|iPhone.ActiveCfg = Debug|Any CPU
		{8595FD74-2789-4E96-A15E-E03D2720F0E6}.AppStore|iPhone.Build.0 = Debug|Any CPU
		{8595FD74-2789-4E96-A15E-E03D2720F0E6}.AppStore|iPhoneSimulator.ActiveCfg = Debug|Any CPU
		{8595FD74-2789-4E96-A15E-E03D2720F0E6}.AppStore|iPhoneSimulator.Build.0 = Debug|Any CPU
		{8595FD74-2789-4E96-A15E-E03D2720F0E6}.Debug|Any CPU.ActiveCfg = Debug|Any CPU
		{8595FD74-2789-4E96-A15E-E03D2720F0E6}.Debug|Any CPU.Build.0 = Debug|Any CPU
		{8595FD74-2789-4E96-A15E-E03D2720F0E6}.Debug|iPhone.ActiveCfg = Debug|Any CPU
		{8595FD74-2789-4E96-A15E-E03D2720F0E6}.Debug|iPhone.Build.0 = Debug|Any CPU
		{8595FD74-2789-4E96-A15E-E03D2720F0E6}.Debug|iPhoneSimulator.ActiveCfg = Debug|Any CPU
		{8595FD74-2789-4E96-A15E-E03D2720F0E6}.Debug|iPhoneSimulator.Build.0 = Debug|Any CPU
		{8595FD74-2789-4E96-A15E-E03D2720F0E6}.Release|Any CPU.ActiveCfg = Release|Any CPU
		{8595FD74-2789-4E96-A15E-E03D2720F0E6}.Release|Any CPU.Build.0 = Release|Any CPU
		{8595FD74-2789-4E96-A15E-E03D2720F0E6}.Release|iPhone.ActiveCfg = Release|Any CPU
		{8595FD74-2789-4E96-A15E-E03D2720F0E6}.Release|iPhone.Build.0 = Release|Any CPU
		{8595FD74-2789-4E96-A15E-E03D2720F0E6}.Release|iPhoneSimulator.ActiveCfg = Release|Any CPU
		{8595FD74-2789-4E96-A15E-E03D2720F0E6}.Release|iPhoneSimulator.Build.0 = Release|Any CPU
	EndGlobalSection
	GlobalSection(SolutionProperties) = preSolution
		HideSolutionNode = FALSE
	EndGlobalSection
	GlobalSection(ExtensibilityGlobals) = postSolution
		SolutionGuid = {54278C7F-AA23-4DE0-BF89-2A3D60A76EBE}
	EndGlobalSection
EndGlobal
